{
  "name": "aliq-iterator",
  "version": "0.0.0",
  "lockfileVersion": 1,
  "requires": true,
  "dependencies": {
    "aliq": {
      "version": "0.0.3",
      "resolved": "https://registry.npmjs.org/aliq/-/aliq-0.0.3.tgz",
      "integrity": "sha512-EZC8FImtzyi0O0dIwdNPBYvxIn5pQw46XWQTHpUwPTcqwxb0BJNNJMwisdHtYY72FivRhh/Ul46HUK9FaC5Qeg=="
    },
    "iterator-lib": {
      "version": "0.0.0",
      "resolved": "https://registry.npmjs.org/iterator-lib/-/iterator-lib-0.0.0.tgz",
      "integrity": "sha512-mws/jQGcaPFAHYSJ8IQw+VT4uXp22GqFU89xdvF87BP5AjkMhQD2U8qHk2OrV4hBqmsEOWh80LYUZIkO3b5Ckg=="
    },
    "typescript": {
      "version": "2.6.2",
      "resolved": "https://registry.npmjs.org/typescript/-/typescript-2.6.2.tgz",
      "integrity": "sha1-PFtv1/beCRQmkCfwPAlGdY92c6Q=",
      "dev": true
    }
  }
}
